dependencies:
- name: consul
  repository: https://helm.releases.hashicorp.com
  version: 1.0.2
- name: vault
  repository: https://helm.releases.hashicorp.com
  version: 0.23.0
digest: sha256:27a08bd370156bc5b3d5a07b8005f9da65215906059f51524717f1459c4f92ee
generated: "2022-12-12T16:03:11.397553+08:00"
