dependencies:
- name: consul
  repository: https://helm.releases.hashicorp.com
  version: 0.32.1
- name: vault
  repository: https://helm.releases.hashicorp.com
  version: 0.23.0
digest: sha256:01d7feac987573dd823200ffd83bdeee3ba4b4f84162af1bea18d90187819e61
generated: "2022-12-12T16:17:13.659454+08:00"
