dependencies:
- name: newrelic-infrastructure
  repository: https://newrelic.github.io/nri-kubernetes
  version: 3.9.0
- name: nri-prometheus
  repository: https://helm-charts.newrelic.com
  version: 1.7.0
- name: nri-metadata-injection
  repository: https://newrelic.github.io/k8s-metadata-injection
  version: 3.0.10
- name: kube-state-metrics
  repository: https://kubernetes.github.io/kube-state-metrics
  version: 2.13.3
- name: nri-kube-events
  repository: https://newrelic.github.io/nri-kube-events
  version: 2.3.0
- name: newrelic-logging
  repository: https://helm-charts.newrelic.com
  version: 1.11.10
- name: newrelic-pixie
  repository: https://helm-charts.newrelic.com
  version: 0.1.0-alpha.4
- name: pixie-chart
  repository: https://pixie-helm-charts.storage.googleapis.com
  version: 0.7.7
digest: sha256:7d29cee8900160d5767b6c1a81326c212ace030f993556d08eebd153971dac35
generated: "2022-11-10T11:55:43.685614+08:00"
