dependencies:
- name: newrelic-infrastructure
  repository: https://newrelic.github.io/nri-kubernetes
  version: 3.9.0
- name: nri-prometheus
  repository: https://helm-charts.newrelic.com
  version: 1.7.0
- name: nri-metadata-injection
  repository: https://newrelic.github.io/k8s-metadata-injection
  version: 3.0.10
- name: kube-state-metrics
  repository: https://prometheus-community.github.io/helm-charts
  version: 4.22.3
- name: nri-kube-events
  repository: https://helm-charts.newrelic.com
  version: 1.8.0
- name: newrelic-logging
  repository: https://helm-charts.newrelic.com
  version: 1.11.10
- name: newrelic-pixie
  repository: https://helm-charts.newrelic.com
  version: 0.1.0-alpha.4
- name: pixie-chart
  repository: https://pixie-helm-charts.storage.googleapis.com
  version: 0.7.7
digest: sha256:d8b3cbbb1216bb497f9577eddc86bfc1cd0729751f3ce03cfe27df6b2ac1714f
generated: "2022-11-09T15:55:18.081205+08:00"
