dependencies:
- name: newrelic-infrastructure
  repository: https://helm-charts.newrelic.com
  version: 2.4.2
- name: nri-prometheus
  repository: https://helm-charts.newrelic.com
  version: 1.7.0
- name: nri-metadata-injection
  repository: https://newrelic.github.io/k8s-metadata-injection
  version: 3.0.10
- name: kube-state-metrics
  repository: https://prometheus-community.github.io/helm-charts
  version: 4.22.3
- name: nri-kube-events
  repository: https://helm-charts.newrelic.com
  version: 1.8.0
- name: newrelic-logging
  repository: https://helm-charts.newrelic.com
  version: 1.11.10
- name: newrelic-pixie
  repository: https://helm-charts.newrelic.com
  version: 0.1.0-alpha.4
- name: pixie-chart
  repository: https://pixie-helm-charts.storage.googleapis.com
  version: 0.7.7
digest: sha256:40a6c83017cb56ce83d7573b4e78724b2309114bdc217e1459b62af7696dad2d
generated: "2022-11-09T16:54:57.620773+08:00"
